{
    "_readme": [
        "This file locks the dependencies of your project to a known state",
        "Read more about it at https://getcomposer.org/doc/01-basic-usage.md#installing-dependencies",
        "This file is @generated automatically"
    ],
    "content-hash": "a0693a9c9bb75eaf3a09d5f19beb90b1",
    "packages": [
        {
            "name": "digitalzenworks/consumer-provider",
            "version": "1.2.2",
            "source": {
                "type": "git",
                "url": "https://github.com/jamesjohnmcguire/consumer-provider.git",
                "reference": "1dd8c89376b9e6b843990f86f7a47bcbedbabcf1"
            },
            "dist": {
                "type": "zip",
                "url": "https://api.github.com/repos/jamesjohnmcguire/consumer-provider/zipball/1dd8c89376b9e6b843990f86f7a47bcbedbabcf1",
                "reference": "1dd8c89376b9e6b843990f86f7a47bcbedbabcf1",
                "shasum": ""
            },
            "require-dev": {
                "dealerdirect/phpcodesniffer-composer-installer": "*",
                "php-parallel-lint/php-parallel-lint": "^1.2.0",
                "phpcompatibility/php-compatibility": "*",
                "phpcsstandards/phpcsdevtools": "^1.0",
                "phpstan/phpstan": "^1.2",
                "phpunit/phpunit": "^9.5",
                "squizlabs/php_codesniffer": "*"
            },
            "type": "library",
            "autoload": {
                "psr-4": {
                    "digitalzenworks\\ConsumerProvider\\": "SourceCode/"
                }
            },
            "notification-url": "https://packagist.org/downloads/",
            "license": [
                "MIT"
            ],
            "authors": [
                {
                    "name": "James John McGuire",
                    "email": "jamesjohnmcguire@gmail.com"
                }
            ],
            "description": "A package providing an interface to allow a provider object to feed a consumer object.",
            "homepage": "https://github.com/jamesjohnmcguire/consumer-provider/",
            "support": {
                "issues": "https://github.com/jamesjohnmcguire/consumer-provider/issues",
                "source": "https://github.com/jamesjohnmcguire/consumer-provider/tree/1.2.2"
            },
            "funding": [
                {
                    "url": "https://github.com/jamesjohnmcguire",
                    "type": "github"
                }
            ],
            "time": "2023-01-01T11:55:40+00:00"
        }
    ],
    "packages-dev": [],
    "aliases": [],
    "minimum-stability": "stable",
    "stability-flags": [],
    "prefer-stable": false,
    "prefer-lowest": false,
    "platform": [],
    "platform-dev": [],
    "plugin-api-version": "2.3.0"
}
